dependencies:
  espressif/esp-dsp:
    component_hash: 619639efc18cfa361a9e423739b9b0ffc14991effc6c027f955c2f2c3bf1754b
    dependencies:
    - name: idf
      require: private
      version: '>=4.2'
    source:
      registry_url: https://components.espressif.com
      type: service
    version: 1.6.0
  espressif/esp-sr:
    component_hash: 5ea9faa6d563391ad0702897b4083c09fc6a1a05dfd419541bdc3db9a13f683c
    dependencies:
    - name: espressif/esp-dsp
      registry_url: https://components.espressif.com
      require: private
      version: 1.6.0
    - name: idf
      require: private
      version: '>=5.0'
    source:
      registry_url: https://components.espressif.com/
      type: service
    version: 2.1.1
  idf:
    source:
      type: idf
    version: 5.5.0
direct_dependencies:
- espressif/esp-sr
manifest_hash: 77fd5cd68aa255df5d15d7d3288b423e5fc61c356be0b1f6cdb641823e0eceac
target: esp32c3
version: 2.0.0
